
Microsoft Visual Studio Solution File, Format Version 12.00
# Visual Studio Version 16
VisualStudioVersion = 16.0.30621.155
MinimumVisualStudioVersion = 10.0.40219.1
Project("{FAE04EC0-301F-11D3-BF4B-00C04F79EFBC}") = "Apollo.Core", "Apollo.Core\Apollo.Core.csproj", "{6A385FE1-3BD6-4166-BCDA-A79BAA439993}"
EndProject
Project("{FAE04EC0-301F-11D3-BF4B-00C04F79EFBC}") = "Apollo.Domain", "Apollo.Domain\Apollo.Domain.csproj", "{16888B1B-BCC7-47E7-8423-C156F5AA77E2}"
EndProject
Global
	GlobalSection(SolutionConfigurationPlatforms) = preSolution
		Debug|Any CPU = Debug|Any CPU
		Release|Any CPU = Release|Any CPU
	EndGlobalSection
	GlobalSection(ProjectConfigurationPlatforms) = postSolution
		{6A385FE1-3BD6-4166-BCDA-A79BAA439993}.Debug|Any CPU.ActiveCfg = Debug|Any CPU
		{6A385FE1-3BD6-4166-BCDA-A79BAA439993}.Debug|Any CPU.Build.0 = Debug|Any CPU
		{6A385FE1-3BD6-4166-BCDA-A79BAA439993}.Release|Any CPU.ActiveCfg = Release|Any CPU
		{6A385FE1-3BD6-4166-BCDA-A79BAA439993}.Release|Any CPU.Build.0 = Release|Any CPU
		{16888B1B-BCC7-47E7-8423-C156F5AA77E2}.Debug|Any CPU.ActiveCfg = Debug|Any CPU
		{16888B1B-BCC7-47E7-8423-C156F5AA77E2}.Debug|Any CPU.Build.0 = Debug|Any CPU
		{16888B1B-BCC7-47E7-8423-C156F5AA77E2}.Release|Any CPU.ActiveCfg = Release|Any CPU
		{16888B1B-BCC7-47E7-8423-C156F5AA77E2}.Release|Any CPU.Build.0 = Release|Any CPU
	EndGlobalSection
	GlobalSection(SolutionProperties) = preSolution
		HideSolutionNode = FALSE
	EndGlobalSection
	GlobalSection(ExtensibilityGlobals) = postSolution
		SolutionGuid = {229AF183-4D2F-4C24-8A76-5B789287856F}
	EndGlobalSection
EndGlobal
